{
  "name": "dbbs-web",
  "version": "0.0.0",
  "lockfileVersion": 1,
  "requires": true,
  "dependencies": {
    "@aws-cdk/assets": {
      "version": "1.33.1",
      "resolved": "https://registry.npmjs.org/@aws-cdk/assets/-/assets-1.33.1.tgz",
      "integrity": "sha512-r8w369KEyo9ZlvKq+QvliT91ffeolpRx1nWNTHU1cPA+I7PwbQr/WgQEPnCXzlPVWjCkCawtZ2SGG7lyoLT32Q==",
      "requires": {
        "@aws-cdk/core": "1.33.1",
        "@aws-cdk/cx-api": "1.33.1",
        "constructs": "^3.0.0",
        "minimatch": "^3.0.4"
      },
      "dependencies": {
        "balanced-match": {
          "version": "1.0.0",
          "bundled": true
        },
        "brace-expansion": {
          "version": "1.1.11",
          "bundled": true,
          "requires": {
            "balanced-match": "^1.0.0",
            "concat-map": "0.0.1"
          }
        },
        "concat-map": {
          "version": "0.0.1",
          "bundled": true
        },
        "minimatch": {
          "version": "3.0.4",
          "bundled": true,
          "requires": {
            "brace-expansion": "^1.1.7"
          }
        }
      }
    },
    "@aws-cdk/aws-apigateway": {
      "version": "1.33.1",
      "resolved": "https://registry.npmjs.org/@aws-cdk/aws-apigateway/-/aws-apigateway-1.33.1.tgz",
      "integrity": "sha512-PfAdc2OJ1jvX8AydHJIoFnP0023FbSvfk0TRHjbhZDhk0ilfIjCLP3Hrt41WKrHc/jtEBX5WgogadN3TS6LTwg==",
      "requires": {
        "@aws-cdk/aws-certificatemanager": "1.33.1",
        "@aws-cdk/aws-ec2": "1.33.1",
        "@aws-cdk/aws-elasticloadbalancingv2": "1.33.1",
        "@aws-cdk/aws-iam": "1.33.1",
        "@aws-cdk/aws-lambda": "1.33.1",
        "@aws-cdk/aws-logs": "1.33.1",
        "@aws-cdk/core": "1.33.1",
        "constructs": "^3.0.0"
      }
    },
    "@aws-cdk/aws-applicationautoscaling": {
      "version": "1.33.1",
      "resolved": "https://registry.npmjs.org/@aws-cdk/aws-applicationautoscaling/-/aws-applicationautoscaling-1.33.1.tgz",
      "integrity": "sha512-Qxdg0IgjZIN5AfvtUqlzX1PXrMg3l1FhB+wMpVFQoI3uKxvARZechh12eVCUP0IZEzTvtaODmecRaird+slFkQ==",
      "requires": {
        "@aws-cdk/aws-autoscaling-common": "1.33.1",
        "@aws-cdk/aws-cloudwatch": "1.33.1",
        "@aws-cdk/aws-iam": "1.33.1",
        "@aws-cdk/core": "1.33.1",
        "constructs": "^3.0.0"
      }
    },
    "@aws-cdk/aws-autoscaling": {
      "version": "1.33.1",
      "resolved": "https://registry.npmjs.org/@aws-cdk/aws-autoscaling/-/aws-autoscaling-1.33.1.tgz",
      "integrity": "sha512-OazY5VKAGe2R9BSDqyxthxBJ3rcxzDs3w0SJ3q4xd1WLaQilmq6PvhE9r19I1F5HOV0FQn35J6Hh23FXQu5tUg==",
      "requires": {
        "@aws-cdk/aws-autoscaling-common": "1.33.1",
        "@aws-cdk/aws-cloudwatch": "1.33.1",
        "@aws-cdk/aws-ec2": "1.33.1",
        "@aws-cdk/aws-elasticloadbalancing": "1.33.1",
        "@aws-cdk/aws-elasticloadbalancingv2": "1.33.1",
        "@aws-cdk/aws-iam": "1.33.1",
        "@aws-cdk/aws-sns": "1.33.1",
        "@aws-cdk/core": "1.33.1",
        "constructs": "^3.0.0"
      }
    },
    "@aws-cdk/aws-autoscaling-common": {
      "version": "1.33.1",
      "resolved": "https://registry.npmjs.org/@aws-cdk/aws-autoscaling-common/-/aws-autoscaling-common-1.33.1.tgz",
      "integrity": "sha512-2MxskyLKbD32RvN/T911ZcxctoiJImn7xqvjcLzD0je8wb31T4CYj/IyNV+bpTEFhAHqunuc9jWnmehZWWjdVQ==",
      "requires": {
        "@aws-cdk/aws-iam": "1.33.1",
        "@aws-cdk/core": "1.33.1",
        "constructs": "^3.0.0"
      }
    },
    "@aws-cdk/aws-autoscaling-hooktargets": {
      "version": "1.33.1",
      "resolved": "https://registry.npmjs.org/@aws-cdk/aws-autoscaling-hooktargets/-/aws-autoscaling-hooktargets-1.33.1.tgz",
      "integrity": "sha512-Cr9YP4NkxAHLqBzGbDFCWzA2nlueb1PWtzkzHLuZBMVBZdqzynoF842r2Hj5QQ0UpwFlGPg+4f9C8A5ndoetww==",
      "requires": {
        "@aws-cdk/aws-autoscaling": "1.33.1",
        "@aws-cdk/aws-iam": "1.33.1",
        "@aws-cdk/aws-lambda": "1.33.1",
        "@aws-cdk/aws-sns": "1.33.1",
        "@aws-cdk/aws-sns-subscriptions": "1.33.1",
        "@aws-cdk/aws-sqs": "1.33.1",
        "@aws-cdk/core": "1.33.1",
        "constructs": "^3.0.0"
      }
    },
    "@aws-cdk/aws-batch": {
      "version": "1.33.1",
      "resolved": "https://registry.npmjs.org/@aws-cdk/aws-batch/-/aws-batch-1.33.1.tgz",
      "integrity": "sha512-ioSDg/yBqI7eHWIzapRUHXqVN6zojITNk4uE5Jrb7usBfX0BwcJEt/uYI3JIdrTP0zEk7DbljnxLYfbTNEP/6Q==",
      "requires": {
        "@aws-cdk/aws-ec2": "1.33.1",
        "@aws-cdk/aws-ecr": "1.33.1",
        "@aws-cdk/aws-ecs": "1.33.1",
        "@aws-cdk/aws-iam": "1.33.1",
        "@aws-cdk/core": "1.33.1",
        "constructs": "^3.0.0"
      }
    },
    "@aws-cdk/aws-certificatemanager": {
      "version": "1.33.1",
      "resolved": "https://registry.npmjs.org/@aws-cdk/aws-certificatemanager/-/aws-certificatemanager-1.33.1.tgz",
      "integrity": "sha512-CC1Ruim4oSrgr9ov3ScIdniZxrygoY6+38K4cLnf6Ztddvaob0GFxtQlVzJv0eQzCK26QA8Fk24S/OY67N6YsQ==",
      "requires": {
        "@aws-cdk/aws-cloudformation": "1.33.1",
        "@aws-cdk/aws-iam": "1.33.1",
        "@aws-cdk/aws-lambda": "1.33.1",
        "@aws-cdk/aws-route53": "1.33.1",
        "@aws-cdk/core": "1.33.1",
        "constructs": "^3.0.0"
      }
    },
    "@aws-cdk/aws-cloudformation": {
      "version": "1.33.1",
      "resolved": "https://registry.npmjs.org/@aws-cdk/aws-cloudformation/-/aws-cloudformation-1.33.1.tgz",
      "integrity": "sha512-e7SLy6ryAFCtm3XS2Ssbrjb6+O1+glDHhazDJCbA1sELf42qkTamgChBuwgsF/RomznvhEzMenBfB7DlnN5X7g==",
      "requires": {
        "@aws-cdk/aws-iam": "1.33.1",
        "@aws-cdk/aws-lambda": "1.33.1",
        "@aws-cdk/aws-s3": "1.33.1",
        "@aws-cdk/aws-sns": "1.33.1",
        "@aws-cdk/core": "1.33.1",
        "@aws-cdk/cx-api": "1.33.1",
        "constructs": "^3.0.0"
      }
    },
    "@aws-cdk/aws-cloudfront": {
      "version": "1.33.1",
      "resolved": "https://registry.npmjs.org/@aws-cdk/aws-cloudfront/-/aws-cloudfront-1.33.1.tgz",
      "integrity": "sha512-SwNvSSG9YstZPYqY5/sSAlFKn3FQ+iEdcsgKJUPwma+Y/WgxDAAsktjyzP3/QwX+NB6U7+IcibJqx1deYzLnlQ==",
      "requires": {
        "@aws-cdk/aws-certificatemanager": "1.33.1",
        "@aws-cdk/aws-iam": "1.33.1",
        "@aws-cdk/aws-kms": "1.33.1",
        "@aws-cdk/aws-lambda": "1.33.1",
        "@aws-cdk/aws-s3": "1.33.1",
        "@aws-cdk/core": "1.33.1",
        "constructs": "^3.0.0"
      }
    },
    "@aws-cdk/aws-cloudwatch": {
      "version": "1.33.1",
      "resolved": "https://registry.npmjs.org/@aws-cdk/aws-cloudwatch/-/aws-cloudwatch-1.33.1.tgz",
      "integrity": "sha512-h8RpO9rKuuJUav8Q3gb0uN9ba2IkaHU6qvlUyhn9j3sxuAmb2IKprMyqT/9P5cSKetx2f3kSXYzswITMcUwG3w==",
      "requires": {
        "@aws-cdk/aws-iam": "1.33.1",
        "@aws-cdk/core": "1.33.1",
        "constructs": "^3.0.0"
      }
    },
    "@aws-cdk/aws-codebuild": {
      "version": "1.33.1",
      "resolved": "https://registry.npmjs.org/@aws-cdk/aws-codebuild/-/aws-codebuild-1.33.1.tgz",
      "integrity": "sha512-aEYtzYwsdW5Agooj+RhB0P+DHbNRxTaKdbQr8QGx7Y5VXv9bIklXqc40YCc3Hxb1MBlH6+IK8Vk/Gb8k9udMAg==",
      "requires": {
        "@aws-cdk/assets": "1.33.1",
        "@aws-cdk/aws-cloudwatch": "1.33.1",
        "@aws-cdk/aws-codecommit": "1.33.1",
        "@aws-cdk/aws-ec2": "1.33.1",
        "@aws-cdk/aws-ecr": "1.33.1",
        "@aws-cdk/aws-ecr-assets": "1.33.1",
        "@aws-cdk/aws-events": "1.33.1",
        "@aws-cdk/aws-iam": "1.33.1",
        "@aws-cdk/aws-kms": "1.33.1",
        "@aws-cdk/aws-s3": "1.33.1",
        "@aws-cdk/aws-s3-assets": "1.33.1",
        "@aws-cdk/aws-secretsmanager": "1.33.1",
        "@aws-cdk/core": "1.33.1",
        "constructs": "^3.0.0"
      }
    },
    "@aws-cdk/aws-codecommit": {
      "version": "1.33.1",
      "resolved": "https://registry.npmjs.org/@aws-cdk/aws-codecommit/-/aws-codecommit-1.33.1.tgz",
      "integrity": "sha512-YF0BhIuOI31oLMXakCHtJDkH+2QmNbGqmWINlkipLm5LuV2dbw7YF/JCW5+ukahwOF60C2Ac5WnVXoqXeCD5Pg==",
      "requires": {
        "@aws-cdk/aws-events": "1.33.1",
        "@aws-cdk/aws-iam": "1.33.1",
        "@aws-cdk/core": "1.33.1",
        "constructs": "^3.0.0"
      }
    },
    "@aws-cdk/aws-codepipeline": {
      "version": "1.33.1",
      "resolved": "https://registry.npmjs.org/@aws-cdk/aws-codepipeline/-/aws-codepipeline-1.33.1.tgz",
      "integrity": "sha512-9sxgOsCCDP0f2Qc18T/h+ET3D9lDXvNmatoIS0GxOhXWW/wTDWL2YuwyxCDIYZDnxI9DxYBlzywakEiWNoVt3A==",
      "requires": {
        "@aws-cdk/aws-events": "1.33.1",
        "@aws-cdk/aws-iam": "1.33.1",
        "@aws-cdk/aws-kms": "1.33.1",
        "@aws-cdk/aws-s3": "1.33.1",
        "@aws-cdk/core": "1.33.1",
        "constructs": "^3.0.0"
      }
    },
    "@aws-cdk/aws-ec2": {
      "version": "1.33.1",
      "resolved": "https://registry.npmjs.org/@aws-cdk/aws-ec2/-/aws-ec2-1.33.1.tgz",
      "integrity": "sha512-D7mJ+9FntSeJtxdccUwBu0x2ayflHCv7WpK2i+S6G6tClWa9EuWpTfRAVuo5Su9PKAhZJyjQJ83NQFKSiXFz6w==",
      "requires": {
        "@aws-cdk/aws-cloudwatch": "1.33.1",
        "@aws-cdk/aws-iam": "1.33.1",
        "@aws-cdk/aws-logs": "1.33.1",
        "@aws-cdk/aws-s3": "1.33.1",
        "@aws-cdk/aws-ssm": "1.33.1",
        "@aws-cdk/core": "1.33.1",
        "@aws-cdk/cx-api": "1.33.1",
        "@aws-cdk/region-info": "1.33.1",
        "constructs": "^3.0.0"
      }
    },
    "@aws-cdk/aws-ecr": {
      "version": "1.33.1",
      "resolved": "https://registry.npmjs.org/@aws-cdk/aws-ecr/-/aws-ecr-1.33.1.tgz",
      "integrity": "sha512-h7G0Ie+TGOJI5PPNDP5I1nURrVJbbuoiARDxbzr+zyQlCaimQRdExR+nW2hTwfVKdxt5lLZ7wRqjc01zS+l/Iw==",
      "requires": {
        "@aws-cdk/aws-events": "1.33.1",
        "@aws-cdk/aws-iam": "1.33.1",
        "@aws-cdk/core": "1.33.1",
        "constructs": "^3.0.0"
      }
    },
    "@aws-cdk/aws-ecr-assets": {
      "version": "1.33.1",
      "resolved": "https://registry.npmjs.org/@aws-cdk/aws-ecr-assets/-/aws-ecr-assets-1.33.1.tgz",
      "integrity": "sha512-ED8Lft9A0Faf58dG4pPkqwVKUGTrpWrYKE6yoyeYSoiXMwgZ7DSYOqRmIsi8jakC/33BsbSbirLO53tOpuu48A==",
      "requires": {
        "@aws-cdk/assets": "1.33.1",
        "@aws-cdk/aws-cloudformation": "1.33.1",
        "@aws-cdk/aws-ecr": "1.33.1",
        "@aws-cdk/aws-iam": "1.33.1",
        "@aws-cdk/aws-lambda": "1.33.1",
        "@aws-cdk/aws-s3": "1.33.1",
        "@aws-cdk/core": "1.33.1",
        "@aws-cdk/cx-api": "1.33.1",
        "constructs": "^3.0.0",
        "minimatch": "^3.0.4"
      },
      "dependencies": {
        "balanced-match": {
          "version": "1.0.0",
          "bundled": true
        },
        "brace-expansion": {
          "version": "1.1.11",
          "bundled": true,
          "requires": {
            "balanced-match": "^1.0.0",
            "concat-map": "0.0.1"
          }
        },
        "concat-map": {
          "version": "0.0.1",
          "bundled": true
        },
        "minimatch": {
          "version": "3.0.4",
          "bundled": true,
          "requires": {
            "brace-expansion": "^1.1.7"
          }
        }
      }
    },
    "@aws-cdk/aws-ecs": {
      "version": "1.33.1",
      "resolved": "https://registry.npmjs.org/@aws-cdk/aws-ecs/-/aws-ecs-1.33.1.tgz",
      "integrity": "sha512-0PXtf/nfaqn7OC6jalV30IGoKL7swAET2IXQ78zKkOWlMoGvKsiKSWV4qrgcC1cU8jcNmdHFNqP7mMtTPCy4uA==",
      "requires": {
        "@aws-cdk/aws-applicationautoscaling": "1.33.1",
        "@aws-cdk/aws-autoscaling": "1.33.1",
        "@aws-cdk/aws-autoscaling-hooktargets": "1.33.1",
        "@aws-cdk/aws-certificatemanager": "1.33.1",
        "@aws-cdk/aws-cloudformation": "1.33.1",
        "@aws-cdk/aws-cloudwatch": "1.33.1",
        "@aws-cdk/aws-ec2": "1.33.1",
        "@aws-cdk/aws-ecr": "1.33.1",
        "@aws-cdk/aws-ecr-assets": "1.33.1",
        "@aws-cdk/aws-elasticloadbalancing": "1.33.1",
        "@aws-cdk/aws-elasticloadbalancingv2": "1.33.1",
        "@aws-cdk/aws-iam": "1.33.1",
        "@aws-cdk/aws-lambda": "1.33.1",
        "@aws-cdk/aws-logs": "1.33.1",
        "@aws-cdk/aws-route53": "1.33.1",
        "@aws-cdk/aws-route53-targets": "1.33.1",
        "@aws-cdk/aws-secretsmanager": "1.33.1",
        "@aws-cdk/aws-servicediscovery": "1.33.1",
        "@aws-cdk/aws-sns": "1.33.1",
        "@aws-cdk/aws-sqs": "1.33.1",
        "@aws-cdk/aws-ssm": "1.33.1",
        "@aws-cdk/core": "1.33.1",
        "@aws-cdk/cx-api": "1.33.1",
        "constructs": "^3.0.0"
      }
    },
    "@aws-cdk/aws-elasticloadbalancing": {
      "version": "1.33.1",
      "resolved": "https://registry.npmjs.org/@aws-cdk/aws-elasticloadbalancing/-/aws-elasticloadbalancing-1.33.1.tgz",
      "integrity": "sha512-knya7Whee88OUVAKY3Y94xhPAIQs7CSnmxiGg+k+XhlHbFJQ8u2oiYKSMlk96stxpkeaIWnq8r3krre4CimWRw==",
      "requires": {
        "@aws-cdk/aws-ec2": "1.33.1",
        "@aws-cdk/core": "1.33.1",
        "constructs": "^3.0.0"
      }
    },
    "@aws-cdk/aws-elasticloadbalancingv2": {
      "version": "1.33.1",
      "resolved": "https://registry.npmjs.org/@aws-cdk/aws-elasticloadbalancingv2/-/aws-elasticloadbalancingv2-1.33.1.tgz",
      "integrity": "sha512-Q0AWX2D6vSMWAUtGTUs69w3yQYvXFG73v6GJ8ZJzCX633G6fWebF5B7CQ9FZS5ok30NeTG7zwSuTWzAbC06pnw==",
      "requires": {
        "@aws-cdk/aws-certificatemanager": "1.33.1",
        "@aws-cdk/aws-cloudwatch": "1.33.1",
        "@aws-cdk/aws-ec2": "1.33.1",
        "@aws-cdk/aws-iam": "1.33.1",
        "@aws-cdk/aws-lambda": "1.33.1",
        "@aws-cdk/aws-s3": "1.33.1",
        "@aws-cdk/core": "1.33.1",
        "constructs": "^3.0.0"
      }
    },
    "@aws-cdk/aws-events": {
      "version": "1.33.1",
      "resolved": "https://registry.npmjs.org/@aws-cdk/aws-events/-/aws-events-1.33.1.tgz",
      "integrity": "sha512-RULk9Q7w5xzziWP4RxKLsF7vzjEiudawt7BiZw+ZFS4DA0JWw0acVX+nY5KjWz7GXNyDGRuLcB+c+ZipNDCeWw==",
      "requires": {
        "@aws-cdk/aws-iam": "1.33.1",
        "@aws-cdk/core": "1.33.1",
        "constructs": "^3.0.0"
      }
    },
    "@aws-cdk/aws-events-targets": {
      "version": "1.33.1",
      "resolved": "https://registry.npmjs.org/@aws-cdk/aws-events-targets/-/aws-events-targets-1.33.1.tgz",
      "integrity": "sha512-JViHbvjeMNIXrfnZzYVC+9rlSNH0Rb5t+Vq3YIydHXfbEK91cs85bpSPvWOtilhtXAYtKyelQrtiiax1Ct3XsA==",
      "requires": {
        "@aws-cdk/aws-batch": "1.33.1",
        "@aws-cdk/aws-cloudformation": "1.33.1",
        "@aws-cdk/aws-codebuild": "1.33.1",
        "@aws-cdk/aws-codepipeline": "1.33.1",
        "@aws-cdk/aws-ec2": "1.33.1",
        "@aws-cdk/aws-ecs": "1.33.1",
        "@aws-cdk/aws-events": "1.33.1",
        "@aws-cdk/aws-iam": "1.33.1",
        "@aws-cdk/aws-lambda": "1.33.1",
        "@aws-cdk/aws-sns": "1.33.1",
        "@aws-cdk/aws-sns-subscriptions": "1.33.1",
        "@aws-cdk/aws-sqs": "1.33.1",
        "@aws-cdk/aws-stepfunctions": "1.33.1",
        "@aws-cdk/core": "1.33.1",
        "constructs": "^3.0.0"
      }
    },
    "@aws-cdk/aws-iam": {
      "version": "1.33.1",
      "resolved": "https://registry.npmjs.org/@aws-cdk/aws-iam/-/aws-iam-1.33.1.tgz",
      "integrity": "sha512-sc9UjIKPk9SaP1Nz4o1+TKtizS+2F3ia4YkrZZMLInv8XqlHPBfEXCZ/nvX04mkRbm9Rc+/qPMSLIiEsTSu38A==",
      "requires": {
        "@aws-cdk/core": "1.33.1",
        "@aws-cdk/region-info": "1.33.1",
        "constructs": "^3.0.0"
      }
    },
    "@aws-cdk/aws-kms": {
      "version": "1.33.1",
      "resolved": "https://registry.npmjs.org/@aws-cdk/aws-kms/-/aws-kms-1.33.1.tgz",
      "integrity": "sha512-RVRVx4cAhg42SgcoJgKtUc+taaTBsbrzUWs6h1ipUa/10NsOOFZSPLHk6sQPD8j9aISIYr7dhF3k+BP4fPMjwQ==",
      "requires": {
        "@aws-cdk/aws-iam": "1.33.1",
        "@aws-cdk/core": "1.33.1",
        "constructs": "^3.0.0"
      }
    },
    "@aws-cdk/aws-lambda": {
      "version": "1.33.1",
      "resolved": "https://registry.npmjs.org/@aws-cdk/aws-lambda/-/aws-lambda-1.33.1.tgz",
      "integrity": "sha512-0StIIVf//DFwW1513HNH0BrrZJzvn4TzPhzOIpYVwdT+jMOOw7qdFY3ET1jNNIqjNgG/Y1xfFm7E5NP8MiFD9Q==",
      "requires": {
        "@aws-cdk/aws-cloudwatch": "1.33.1",
        "@aws-cdk/aws-ec2": "1.33.1",
        "@aws-cdk/aws-events": "1.33.1",
        "@aws-cdk/aws-iam": "1.33.1",
        "@aws-cdk/aws-logs": "1.33.1",
        "@aws-cdk/aws-s3": "1.33.1",
        "@aws-cdk/aws-s3-assets": "1.33.1",
        "@aws-cdk/aws-sqs": "1.33.1",
        "@aws-cdk/core": "1.33.1",
        "@aws-cdk/cx-api": "1.33.1",
        "constructs": "^3.0.0"
      }
    },
    "@aws-cdk/aws-logs": {
      "version": "1.33.1",
      "resolved": "https://registry.npmjs.org/@aws-cdk/aws-logs/-/aws-logs-1.33.1.tgz",
      "integrity": "sha512-VSFEeTkpSwAuFaO/shVtSRV477WJvUgkGKnw6AvVKW92GddG+YpZdyDObYvhaEXzQpenuafbc9k8IWehn5Oe4g==",
      "requires": {
        "@aws-cdk/aws-cloudwatch": "1.33.1",
        "@aws-cdk/aws-iam": "1.33.1",
        "@aws-cdk/core": "1.33.1",
        "constructs": "^3.0.0"
      }
    },
    "@aws-cdk/aws-route53": {
      "version": "1.33.1",
      "resolved": "https://registry.npmjs.org/@aws-cdk/aws-route53/-/aws-route53-1.33.1.tgz",
      "integrity": "sha512-km50YSMOgXadsFvaeSvw56G1/sznJwtT/S2/lbc8VcE4IrMvsZJ/Da109RTuMjc6YejUJ4AbT1FfJShFxrEDDQ==",
      "requires": {
        "@aws-cdk/aws-ec2": "1.33.1",
        "@aws-cdk/aws-logs": "1.33.1",
        "@aws-cdk/core": "1.33.1",
        "@aws-cdk/cx-api": "1.33.1",
        "constructs": "^3.0.0"
      }
    },
    "@aws-cdk/aws-route53-targets": {
      "version": "1.33.1",
      "resolved": "https://registry.npmjs.org/@aws-cdk/aws-route53-targets/-/aws-route53-targets-1.33.1.tgz",
      "integrity": "sha512-UlwjSUr6LrcGKshpQZ2wAQHb+f+N/pU75v8aV+s9QLccYDTUr7Q72KUKIcH5z1v/VIEStl/Zj3iUZFykt2YLkw==",
      "requires": {
        "@aws-cdk/aws-apigateway": "1.33.1",
        "@aws-cdk/aws-cloudfront": "1.33.1",
        "@aws-cdk/aws-ec2": "1.33.1",
        "@aws-cdk/aws-elasticloadbalancing": "1.33.1",
        "@aws-cdk/aws-elasticloadbalancingv2": "1.33.1",
        "@aws-cdk/aws-iam": "1.33.1",
        "@aws-cdk/aws-route53": "1.33.1",
        "@aws-cdk/aws-s3": "1.33.1",
        "@aws-cdk/core": "1.33.1",
        "@aws-cdk/region-info": "1.33.1",
        "constructs": "^3.0.0"
      }
    },
    "@aws-cdk/aws-s3": {
      "version": "1.33.1",
      "resolved": "https://registry.npmjs.org/@aws-cdk/aws-s3/-/aws-s3-1.33.1.tgz",
      "integrity": "sha512-JSTzhAPnRA07rU4LGPOPOTozQjpTMCAoYn0g1DsvAZyF5xj7PnUjn+llaQmyO8jDf5gPrRcrnqtcuODjEdmhcg==",
      "requires": {
        "@aws-cdk/aws-events": "1.33.1",
        "@aws-cdk/aws-iam": "1.33.1",
        "@aws-cdk/aws-kms": "1.33.1",
        "@aws-cdk/core": "1.33.1",
        "constructs": "^3.0.0"
      }
    },
    "@aws-cdk/aws-s3-assets": {
      "version": "1.33.1",
      "resolved": "https://registry.npmjs.org/@aws-cdk/aws-s3-assets/-/aws-s3-assets-1.33.1.tgz",
      "integrity": "sha512-KEzl+FVOxsOGEclxfFNZFw1WWzpOPwW5OyI1E1W8DNjwClna8U4GGja4npHkqKtZ+ncf355XcWLOo0ea9BCHqw==",
      "requires": {
        "@aws-cdk/assets": "1.33.1",
        "@aws-cdk/aws-iam": "1.33.1",
        "@aws-cdk/aws-s3": "1.33.1",
        "@aws-cdk/core": "1.33.1",
        "@aws-cdk/cx-api": "1.33.1",
        "constructs": "^3.0.0"
      }
    },
    "@aws-cdk/aws-sam": {
      "version": "1.33.1",
      "resolved": "https://registry.npmjs.org/@aws-cdk/aws-sam/-/aws-sam-1.33.1.tgz",
      "integrity": "sha512-cqQgDkwjXXxGL/fTi5hW7mkTOiq/0ztMnxtTPRctGJeLxNUZzJDeVGcV3jJteUHCffgOYggc58Rt2xPHmmEQjw==",
      "requires": {
        "@aws-cdk/core": "1.33.1",
        "constructs": "^3.0.0"
      }
    },
    "@aws-cdk/aws-secretsmanager": {
      "version": "1.33.1",
      "resolved": "https://registry.npmjs.org/@aws-cdk/aws-secretsmanager/-/aws-secretsmanager-1.33.1.tgz",
      "integrity": "sha512-TEPvCsqNU5Qgh4IQMGrbuIoNOeHUsDN0nkP6UJMV80KrmyXln3fKUdQQF/6xlAPDHkH58EDwdFu5tqec3azobw==",
      "requires": {
        "@aws-cdk/aws-ec2": "1.33.1",
        "@aws-cdk/aws-iam": "1.33.1",
        "@aws-cdk/aws-kms": "1.33.1",
        "@aws-cdk/aws-lambda": "1.33.1",
        "@aws-cdk/aws-sam": "1.33.1",
        "@aws-cdk/core": "1.33.1",
        "constructs": "^3.0.0"
      }
    },
    "@aws-cdk/aws-servicediscovery": {
      "version": "1.33.1",
      "resolved": "https://registry.npmjs.org/@aws-cdk/aws-servicediscovery/-/aws-servicediscovery-1.33.1.tgz",
      "integrity": "sha512-uNIb2HzTUt+wKzVj3roNw12nw7zl5tJPSUoM9K0CsNr+43apD7YKxOqWtDDPgA1rc8XQ3VJtZao0vNsEyli2Iw==",
      "requires": {
        "@aws-cdk/aws-ec2": "1.33.1",
        "@aws-cdk/aws-elasticloadbalancingv2": "1.33.1",
        "@aws-cdk/aws-route53": "1.33.1",
        "@aws-cdk/core": "1.33.1",
        "constructs": "^3.0.0"
      }
    },
    "@aws-cdk/aws-sns": {
      "version": "1.33.1",
      "resolved": "https://registry.npmjs.org/@aws-cdk/aws-sns/-/aws-sns-1.33.1.tgz",
      "integrity": "sha512-j3FU3/aoQGyQm6XMrL4CCCb3Sb/HO8nKhxtN4J/3CJQKN9YkDgppxWyY+wV8zhZpJG50cNJDjBN7lxp5yHFXUg==",
      "requires": {
        "@aws-cdk/aws-cloudwatch": "1.33.1",
        "@aws-cdk/aws-events": "1.33.1",
        "@aws-cdk/aws-iam": "1.33.1",
        "@aws-cdk/aws-kms": "1.33.1",
        "@aws-cdk/core": "1.33.1",
        "constructs": "^3.0.0"
      }
    },
    "@aws-cdk/aws-sns-subscriptions": {
      "version": "1.33.1",
      "resolved": "https://registry.npmjs.org/@aws-cdk/aws-sns-subscriptions/-/aws-sns-subscriptions-1.33.1.tgz",
      "integrity": "sha512-Rmit2et/Ny0TcK6IliK+fO+HIDcVPWYew6lnxg82L0Ga9lXe3dj15hrIWQOXy+59+MsQIXMvAZtWcOnKD9VqIw==",
      "requires": {
        "@aws-cdk/aws-iam": "1.33.1",
        "@aws-cdk/aws-lambda": "1.33.1",
        "@aws-cdk/aws-sns": "1.33.1",
        "@aws-cdk/aws-sqs": "1.33.1",
        "@aws-cdk/core": "1.33.1",
        "constructs": "^3.0.0"
      }
    },
    "@aws-cdk/aws-sqs": {
      "version": "1.33.1",
      "resolved": "https://registry.npmjs.org/@aws-cdk/aws-sqs/-/aws-sqs-1.33.1.tgz",
      "integrity": "sha512-4Dk5WC63qIW0xCD1RH4HbrS7wKKj/eOIUeOpjAD+cSeRgT1BGJFODR6WlfNOuijTWJBSoGaRse+fxUbxKKdktQ==",
      "requires": {
        "@aws-cdk/aws-cloudwatch": "1.33.1",
        "@aws-cdk/aws-iam": "1.33.1",
        "@aws-cdk/aws-kms": "1.33.1",
        "@aws-cdk/core": "1.33.1",
        "constructs": "^3.0.0"
      }
    },
    "@aws-cdk/aws-ssm": {
      "version": "1.33.1",
      "resolved": "https://registry.npmjs.org/@aws-cdk/aws-ssm/-/aws-ssm-1.33.1.tgz",
      "integrity": "sha512-9QYbNiP6n/aIuIHNRTqdMXMhVunKKGqzQsxCKVBf4eClBMGjupQ4JTcw/YHw9ZMd93XrTjS5tMBkh96ZmpksHw==",
      "requires": {
        "@aws-cdk/aws-iam": "1.33.1",
        "@aws-cdk/aws-kms": "1.33.1",
        "@aws-cdk/core": "1.33.1",
        "@aws-cdk/cx-api": "1.33.1",
        "constructs": "^3.0.0"
      }
    },
    "@aws-cdk/aws-stepfunctions": {
      "version": "1.33.1",
      "resolved": "https://registry.npmjs.org/@aws-cdk/aws-stepfunctions/-/aws-stepfunctions-1.33.1.tgz",
      "integrity": "sha512-FQL/GUtQDQgj5IAhnNg/JHphoC8fpM5e2+hMb6GwPDiw3c60uts4+yWH2di15wmR4HhqfJDTu95MiMtUQD9nhw==",
      "requires": {
        "@aws-cdk/aws-cloudwatch": "1.33.1",
        "@aws-cdk/aws-events": "1.33.1",
        "@aws-cdk/aws-iam": "1.33.1",
        "@aws-cdk/aws-logs": "1.33.1",
        "@aws-cdk/core": "1.33.1",
        "constructs": "^3.0.0"
      }
    },
    "@aws-cdk/cloud-assembly-schema": {
      "version": "1.33.1",
      "resolved": "https://registry.npmjs.org/@aws-cdk/cloud-assembly-schema/-/cloud-assembly-schema-1.33.1.tgz",
      "integrity": "sha512-trPFqoZIlf252RiTotfPpHSeGjylF4q23TByuu7qTQucLNhdlmWT3xdL+wwCg8bdF+sRr15dItkqUIY9J5QEuw==",
      "requires": {
        "jsonschema": "^1.2.5",
        "semver": "^7.3.2"
      },
      "dependencies": {
        "jsonschema": {
          "version": "1.2.6",
          "bundled": true
        },
        "semver": {
          "version": "7.3.2",
          "bundled": true
        }
      }
    },
    "@aws-cdk/core": {
      "version": "1.33.1",
      "resolved": "https://registry.npmjs.org/@aws-cdk/core/-/core-1.33.1.tgz",
      "integrity": "sha512-iR4duy20QUD+LtjhibuyScxOUbWG4ibua+Dn3RBuAx9XOca/6rBT3jtJxvLcWISWk0yy/aSc60KzkrONcW/MVQ==",
      "requires": {
        "@aws-cdk/cloud-assembly-schema": "1.33.1",
        "@aws-cdk/cx-api": "1.33.1",
        "constructs": "^3.0.0"
      }
    },
    "@aws-cdk/cx-api": {
      "version": "1.33.1",
      "resolved": "https://registry.npmjs.org/@aws-cdk/cx-api/-/cx-api-1.33.1.tgz",
      "integrity": "sha512-bXw/49toSlcleZ4mmTrRI0TSHJgB1BveCjczmL0G0oCmRf8pFITYcJh1VbC4eY+nF0q4ixle3xHCEtENjvIokQ==",
      "requires": {
        "@aws-cdk/cloud-assembly-schema": "1.33.1",
        "semver": "^7.3.2"
      },
      "dependencies": {
        "semver": {
          "version": "7.3.2",
          "bundled": true
        }
      }
    },
    "@aws-cdk/region-info": {
      "version": "1.33.1",
      "resolved": "https://registry.npmjs.org/@aws-cdk/region-info/-/region-info-1.33.1.tgz",
      "integrity": "sha512-QLs96vnaGzraGu4thf9R6ZT7wGbfFCg/l2xHC25Bl22Qc+UNmbQXsXlWiOLOsM4UYQnQtMJ9XZn/21EEwLJgMA=="
    },
    "@types/node": {
      "version": "13.13.0",
      "resolved": "https://registry.npmjs.org/@types/node/-/node-13.13.0.tgz",
      "integrity": "sha512-WE4IOAC6r/yBZss1oQGM5zs2D7RuKR6Q+w+X2SouPofnWn+LbCqClRyhO3ZE7Ix8nmFgo/oVuuE01cJT2XB13A==",
      "dev": true
    },
    "arg": {
      "version": "4.1.3",
      "resolved": "https://registry.npmjs.org/arg/-/arg-4.1.3.tgz",
      "integrity": "sha512-58S9QDqG0Xx27YwPSt9fJxivjYl432YCwfDMfZ+71RAqUrZef7LrKQZ3LHLOwCS4FLNBplP533Zx895SeOCHvA=="
    },
    "buffer-from": {
      "version": "1.1.1",
      "resolved": "https://registry.npmjs.org/buffer-from/-/buffer-from-1.1.1.tgz",
      "integrity": "sha512-MQcXEUbCKtEo7bhqEs6560Hyd4XaovZlO/k9V3hjVUF/zwW7KBVdSK4gIt/bzwS9MbR5qob+F5jusZsb0YQK2A=="
    },
    "constructs": {
      "version": "3.0.1",
      "resolved": "https://registry.npmjs.org/constructs/-/constructs-3.0.1.tgz",
      "integrity": "sha512-CP8VF9UVsMPkZqtRzcgeX3RtMbKw1Ubqzt6fqgFGfb8rJwyIAB41WRn1i3ULtm05LrmJVYIhjGVteqEd7rWafA=="
    },
    "diff": {
      "version": "4.0.2",
      "resolved": "https://registry.npmjs.org/diff/-/diff-4.0.2.tgz",
      "integrity": "sha512-58lmxKSA4BNyLz+HHMUzlOEpg09FV+ev6ZMe3vJihgdxzgcwZ8VoEEPmALCZG9LmqfVoNMMKpttIYTVG6uDY7A=="
    },
    "make-error": {
      "version": "1.3.6",
      "resolved": "https://registry.npmjs.org/make-error/-/make-error-1.3.6.tgz",
      "integrity": "sha512-s8UhlNe7vPKomQhC1qFelMokr/Sc3AgNbso3n74mVPA5LTZwkB9NlXf4XPamLxJE8h0gh73rM94xvwRT2CVInw=="
    },
    "source-map": {
      "version": "0.6.1",
      "resolved": "https://registry.npmjs.org/source-map/-/source-map-0.6.1.tgz",
      "integrity": "sha512-UjgapumWlbMhkBgzT7Ykc5YXUT46F0iKu8SGXq0bcwP5dz/h0Plj6enJqjz1Zbq2l5WaqYnrVbwWOWMyF3F47g=="
    },
    "source-map-support": {
      "version": "0.5.17",
      "resolved": "https://registry.npmjs.org/source-map-support/-/source-map-support-0.5.17.tgz",
      "integrity": "sha512-bwdKOBZ5L0gFRh4KOxNap/J/MpvX9Yxsq9lFDx65s3o7F/NiHy7JRaGIS8MwW6tZPAq9UXE207Il0cfcb5yu/Q==",
      "requires": {
        "buffer-from": "^1.0.0",
        "source-map": "^0.6.0"
      }
    },
    "ts-node": {
      "version": "8.8.2",
      "resolved": "https://registry.npmjs.org/ts-node/-/ts-node-8.8.2.tgz",
      "integrity": "sha512-duVj6BpSpUpD/oM4MfhO98ozgkp3Gt9qIp3jGxwU2DFvl/3IRaEAvbLa8G60uS7C77457e/m5TMowjedeRxI1Q==",
      "requires": {
        "arg": "^4.1.0",
        "diff": "^4.0.1",
        "make-error": "^1.1.1",
        "source-map-support": "^0.5.6",
        "yn": "3.1.1"
      }
    },
    "types": {
      "version": "0.1.1",
      "resolved": "https://registry.npmjs.org/types/-/types-0.1.1.tgz",
      "integrity": "sha1-hgxoWdETZik/g12Mla68+VApg44="
    },
    "typescript": {
      "version": "3.8.3",
      "resolved": "https://registry.npmjs.org/typescript/-/typescript-3.8.3.tgz",
      "integrity": "sha512-MYlEfn5VrLNsgudQTVJeNaQFUAI7DkhnOjdpAp4T+ku1TfQClewlbSuTVHiA+8skNBgaf02TL/kLOvig4y3G8w=="
    },
    "yn": {
      "version": "3.1.1",
      "resolved": "https://registry.npmjs.org/yn/-/yn-3.1.1.tgz",
      "integrity": "sha512-Ux4ygGWsu2c7isFWe8Yu1YluJmqVhxqK2cLXNQA5AcC3QfbGNpM7fu0Y8b/z16pXLnFxZYvWhd3fhBY9DLmC6Q=="
    }
  }
}
